Microsoft Visual Studio Solution File, Format Version 12.00
# Visual Studio Version 17
VisualStudioVersion = 17.5.2.0
MinimumVisualStudioVersion = 10.0.40219.1
Project("{FAE04EC0-301F-11D3-BF4B-00C04F79EFBC}") = "SparApi", "SparApi\SparApi.csproj", "{D55945D8-D04E-EE78-88A6-F7AF6AB94BEF}"
EndProject
Global
	GlobalSection(SolutionConfigurationPlatforms) = preSolution
		Debug|Any CPU = Debug|Any CPU
		Release|Any CPU = Release|Any CPU
	EndGlobalSection
	GlobalSection(ProjectConfigurationPlatforms) = postSolution
		{D55945D8-D04E-EE78-88A6-F7AF6AB94BEF}.Debug|Any CPU.ActiveCfg = Debug|Any CPU
		{D55945D8-D04E-EE78-88A6-F7AF6AB94BEF}.Debug|Any CPU.Build.0 = Debug|Any CPU
		{D55945D8-D04E-EE78-88A6-F7AF6AB94BEF}.Release|Any CPU.ActiveCfg = Release|Any CPU
		{D55945D8-D04E-EE78-88A6-F7AF6AB94BEF}.Release|Any CPU.Build.0 = Release|Any CPU
	EndGlobalSection
	GlobalSection(SolutionProperties) = preSolution
		HideSolutionNode = FALSE
	EndGlobalSection
	GlobalSection(ExtensibilityGlobals) = postSolution
		SolutionGuid = {DB6A0DC4-15C3-4E7A-B22A-19AE9008CD88}
	EndGlobalSection
EndGlobal
